# This file is automatically @generated by Cargo.
# It is not intended for manual editing.
version = 4

[[package]]
name = "cfgy"
version = "0.1.0"

[[package]]
name = "cfgy-core"
version = "0.1.0"

[[package]]
name = "cfgy-derive"
version = "0.1.0"

[[package]]
name = "cfgy-formats"
version = "0.1.0"
